<?xml version="1.0" encoding="utf-8"?>
<Project ToolsVersion="4.0" xmlns="http://schemas.microsoft.com/developer/msbuild/2003">
  <ItemGroup>
    <Filter Include="Source Files">
      <UniqueIdentifier>{4FC737F1-C7A5-4376-A066-2A32D752A2FF}</UniqueIdentifier>
      <Extensions>cpp;c;cc;cxx;def;odl;idl;hpj;bat;asm;asmx</Extensions>
    </Filter>
    <Filter Include="Header Files">
      <UniqueIdentifier>{93995380-89BD-4b04-88EB-625FBE52EBFB}</UniqueIdentifier>
      <Extensions>h;hh;hpp;hxx;hm;inl;inc;ipp;xsd</Extensions>
    </Filter>
    <Filter Include="Resource Files">
      <UniqueIdentifier>{67DA6AB6-F800-4c08-8B7A-83BB121AAD01}</UniqueIdentifier>
      <Extensions>rc;ico;cur;bmp;dlg;rc2;rct;bin;rgs;gif;jpg;jpeg;jpe;resx;tiff;tif;png;wav;mfcribbon-ms</Extensions>
    </Filter>
    <Filter Include="Header Files\data">
      <UniqueIdentifier>{ab83c9cc-a78d-4890-bb7a-0c27b7525326}</UniqueIdentifier>
    </Filter>
    <Filter Include="Header Files\lib">
      <UniqueIdentifier>{f3483110-950a-4b29-a981-b4416d10b978}</UniqueIdentifier>
    </Filter>
    <Filter Include="Header Files\lib\console">
      <UniqueIdentifier>{be6d1a65-6ac8-4aae-9cbb-9215fb8dec0c}</UniqueIdentifier>
    </Filter>
    <Filter Include="Header Files\form">
      <UniqueIdentifier>{9953794b-13cf-4da6-b22d-742c617f6622}</UniqueIdentifier>
    </Filter>
    <Filter Include="Header Files\form\playGame">
      <UniqueIdentifier>{3cc9dd2d-d14f-4d8d-96a8-4bada0ec6b5f}</UniqueIdentifier>
    </Filter>
    <Filter Include="Header Files\form\mainGame">
      <UniqueIdentifier>{d6fc0c90-c09d-4678-8e9c-5c8a29527cdf}</UniqueIdentifier>
    </Filter>
    <Filter Include="Header Files\form\loginGame">
      <UniqueIdentifier>{54417c32-21af-429b-80ee-d9ff3e22a5b4}</UniqueIdentifier>
    </Filter>
    <Filter Include="Header Files\form\playGame\drawTable">
      <UniqueIdentifier>{7530b8de-2d23-4eff-afd5-f51e107918a1}</UniqueIdentifier>
    </Filter>
    <Filter Include="Header Files\form\playGame\process">
      <UniqueIdentifier>{04d6b1e1-9246-4f4b-b6ac-cc1570a1e8a6}</UniqueIdentifier>
    </Filter>
    <Filter Include="Header Files\form\help">
      <UniqueIdentifier>{a8f5485f-93df-4297-a6a0-41014e4e5fef}</UniqueIdentifier>
    </Filter>
    <Filter Include="Header Files\form\about">
      <UniqueIdentifier>{61c06e6f-e061-4dac-9e11-bfba2fefb27b}</UniqueIdentifier>
    </Filter>
    <Filter Include="Header Files\form\playGame\drawInfoState">
      <UniqueIdentifier>{3c4b82d9-5324-4005-97b8-1042e29f095a}</UniqueIdentifier>
    </Filter>
  </ItemGroup>
  <ItemGroup>
    <ClCompile Include="CaroGame.cpp">
      <Filter>Source Files</Filter>
    </ClCompile>
    <ClCompile Include="console.cpp">
      <Filter>Header Files\lib\console</Filter>
    </ClCompile>
    <ClCompile Include="table.cpp">
      <Filter>Header Files\form\playGame\drawTable</Filter>
    </ClCompile>
    <ClCompile Include="caroBoardProcess.cpp">
      <Filter>Header Files\form\playGame\process</Filter>
    </ClCompile>
    <ClCompile Include="form.cpp">
      <Filter>Header Files\form</Filter>
    </ClCompile>
    <ClCompile Include="playGame.cpp">
      <Filter>Header Files\form\playGame</Filter>
    </ClCompile>
    <ClCompile Include="mainGame.cpp">
      <Filter>Header Files\form\mainGame</Filter>
    </ClCompile>
    <ClCompile Include="LoginGame.cpp">
      <Filter>Header Files\form\loginGame</Filter>
    </ClCompile>
    <ClCompile Include="Help.cpp">
      <Filter>Header Files\form\help</Filter>
    </ClCompile>
    <ClCompile Include="about.cpp">
      <Filter>Header Files\form\about</Filter>
    </ClCompile>
    <ClCompile Include="infoState.cpp">
      <Filter>Header Files\form\playGame\drawInfoState</Filter>
    </ClCompile>
  </ItemGroup>
  <ItemGroup>
    <ClInclude Include="console.h">
      <Filter>Header Files\lib\console</Filter>
    </ClInclude>
    <ClInclude Include="table.h">
      <Filter>Header Files\form\playGame\drawTable</Filter>
    </ClInclude>
    <ClInclude Include="caroBoardProcess.h">
      <Filter>Header Files\form\playGame\process</Filter>
    </ClInclude>
    <ClInclude Include="form.h">
      <Filter>Header Files\form</Filter>
    </ClInclude>
    <ClInclude Include="playGame.h">
      <Filter>Header Files\form\playGame</Filter>
    </ClInclude>
    <ClInclude Include="mainGame.h">
      <Filter>Header Files\form\mainGame</Filter>
    </ClInclude>
    <ClInclude Include="loginMain.h">
      <Filter>Header Files\form\loginGame</Filter>
    </ClInclude>
    <ClInclude Include="Help.h">
      <Filter>Header Files\form\help</Filter>
    </ClInclude>
    <ClInclude Include="about.h">
      <Filter>Header Files\form\about</Filter>
    </ClInclude>
    <ClInclude Include="infoState.h">
      <Filter>Header Files\form\playGame\drawInfoState</Filter>
    </ClInclude>
  </ItemGroup>
  <ItemGroup>
    <Text Include="Debug\userGame.txt">
      <Filter>Header Files\data</Filter>
    </Text>
  </ItemGroup>
</Project>